
Microsoft Visual Studio Solution File, Format Version 12.00
# Visual Studio for Mac
Project("{FAE04EC0-301F-11D3-BF4B-00C04F79EFBC}") = "Assembly-CSharp", "Assembly-CSharp.csproj", "{AA791071-AE9A-D2FA-BBD3-6268F898F491}"
EndProject
Project("{FAE04EC0-301F-11D3-BF4B-00C04F79EFBC}") = "Assembly-CSharp-Editor", "Assembly-CSharp-Editor.csproj", "{DE4F06EA-F267-CEB3-CEB7-67AB46AEB354}"
EndProject
Global
	GlobalSection(SolutionConfigurationPlatforms) = preSolution
		Debug|Any CPU = Debug|Any CPU
		Release|Any CPU = Release|Any CPU
	EndGlobalSection
	GlobalSection(ProjectConfigurationPlatforms) = postSolution
		{AA791071-AE9A-D2FA-BBD3-6268F898F491}.Debug|Any CPU.ActiveCfg = Debug|Any CPU
		{AA791071-AE9A-D2FA-BBD3-6268F898F491}.Debug|Any CPU.Build.0 = Debug|Any CPU
		{AA791071-AE9A-D2FA-BBD3-6268F898F491}.Release|Any CPU.ActiveCfg = Release|Any CPU
		{AA791071-AE9A-D2FA-BBD3-6268F898F491}.Release|Any CPU.Build.0 = Release|Any CPU
		{DE4F06EA-F267-CEB3-CEB7-67AB46AEB354}.Debug|Any CPU.ActiveCfg = Debug|Any CPU
		{DE4F06EA-F267-CEB3-CEB7-67AB46AEB354}.Debug|Any CPU.Build.0 = Debug|Any CPU
		{DE4F06EA-F267-CEB3-CEB7-67AB46AEB354}.Release|Any CPU.ActiveCfg = Release|Any CPU
		{DE4F06EA-F267-CEB3-CEB7-67AB46AEB354}.Release|Any CPU.Build.0 = Release|Any CPU
	EndGlobalSection
	GlobalSection(SolutionProperties) = preSolution
		HideSolutionNode = FALSE
	EndGlobalSection
EndGlobal
